
Microsoft Visual Studio Solution File, Format Version 12.00
# Visual Studio Version 17
VisualStudioVersion = 17.5.33627.172
MinimumVisualStudioVersion = 10.0.40219.1
Project("{FAE04EC0-301F-11D3-BF4B-00C04F79EFBC}") = "TextRPG", "TextRPG\TextRPG.csproj", "{10F9431B-DBEF-4BCE-A527-5F44F4796CB4}"
EndProject
Global
	GlobalSection(SolutionConfigurationPlatforms) = preSolution
		Debug|Any CPU = Debug|Any CPU
		Release|Any CPU = Release|Any CPU
	EndGlobalSection
	GlobalSection(ProjectConfigurationPlatforms) = postSolution
		{10F9431B-DBEF-4BCE-A527-5F44F4796CB4}.Debug|Any CPU.ActiveCfg = Debug|Any CPU
		{10F9431B-DBEF-4BCE-A527-5F44F4796CB4}.Debug|Any CPU.Build.0 = Debug|Any CPU
		{10F9431B-DBEF-4BCE-A527-5F44F4796CB4}.Release|Any CPU.ActiveCfg = Release|Any CPU
		{10F9431B-DBEF-4BCE-A527-5F44F4796CB4}.Release|Any CPU.Build.0 = Release|Any CPU
	EndGlobalSection
	GlobalSection(SolutionProperties) = preSolution
		HideSolutionNode = FALSE
	EndGlobalSection
	GlobalSection(ExtensibilityGlobals) = postSolution
		SolutionGuid = {19E3ED65-8403-41A5-9A58-767AC73F5D98}
	EndGlobalSection
EndGlobal
